{
  "name": "editar-boleto-banco-brasil",
  "lockfileVersion": 3,
  "requires": true,
  "packages": {
    "": {
      "devDependencies": {
        "@hitc/netsuite-types": "^2023.2.1"
      }
    },
    "node_modules/@hitc/netsuite-types": {
      "version": "2023.2.1",
      "resolved": "https://registry.npmjs.org/@hitc/netsuite-types/-/netsuite-types-2023.2.1.tgz",
      "integrity": "sha512-TB7vSp9YeBQtcKy3lJS7r4zFC0rDL+ErZjLiteDkr6jQVog2ti5zM0tIfeqX3C1B9Dta9ke7eOrD/g4OXSS8Qg==",
      "dev": true
    }
  }
}
